golang.org/x/image v0.0.0-20190118043309-183bebdce1b2 h1:FNSSV4jv1PrPsiM2iKGpqLPPgYACqh9Muav7Pollk1k=
golang.org/x/image v0.0.0-20190118043309-183bebdce1b2/go.mod h1:ux5Hcp/YLpHSI86hEcLt0YII63i6oz57MZXIpbrjZUs=
golang.org/x/sys v0.0.0-20190124100055-b90733256f2e h1:3GIlrlVLfkoipSReOMNAgApI0ajnalyLa/EZHHca/XI=
golang.org/x/sys v0.0.0-20190124100055-b90733256f2e/go.mod h1:STP8DvDyc/dI5b8T5hshtkjS+E42TnysNCUPdjciGhY=
